
Microsoft Visual Studio Solution File, Format Version 12.00
# Visual Studio 14
VisualStudioVersion = 14.0.24720.0
MinimumVisualStudioVersion = 10.0.40219.1
Project("{FAE04EC0-301F-11D3-BF4B-00C04F79EFBC}") = "Akka.Concurrency", "Akka.Concurrency\Akka.Concurrency.csproj", "{7EC441EC-0980-4FDE-8A35-78F8C63D5579}"
EndProject
Project("{FAE04EC0-301F-11D3-BF4B-00C04F79EFBC}") = "Akka.Concurrency.Test", "Akka.Concurrency.Test\Akka.Concurrency.Test.csproj", "{1AD7CA29-1511-408C-B5DC-B12A67B483BE}"
EndProject
Global
	GlobalSection(SolutionConfigurationPlatforms) = preSolution
		Debug|Any CPU = Debug|Any CPU
		Release|Any CPU = Release|Any CPU
	EndGlobalSection
	GlobalSection(ProjectConfigurationPlatforms) = postSolution
		{7EC441EC-0980-4FDE-8A35-78F8C63D5579}.Debug|Any CPU.ActiveCfg = Debug|Any CPU
		{7EC441EC-0980-4FDE-8A35-78F8C63D5579}.Debug|Any CPU.Build.0 = Debug|Any CPU
		{7EC441EC-0980-4FDE-8A35-78F8C63D5579}.Release|Any CPU.ActiveCfg = Release|Any CPU
		{7EC441EC-0980-4FDE-8A35-78F8C63D5579}.Release|Any CPU.Build.0 = Release|Any CPU
		{1AD7CA29-1511-408C-B5DC-B12A67B483BE}.Debug|Any CPU.ActiveCfg = Debug|Any CPU
		{1AD7CA29-1511-408C-B5DC-B12A67B483BE}.Debug|Any CPU.Build.0 = Debug|Any CPU
		{1AD7CA29-1511-408C-B5DC-B12A67B483BE}.Release|Any CPU.ActiveCfg = Release|Any CPU
		{1AD7CA29-1511-408C-B5DC-B12A67B483BE}.Release|Any CPU.Build.0 = Release|Any CPU
	EndGlobalSection
	GlobalSection(SolutionProperties) = preSolution
		HideSolutionNode = FALSE
	EndGlobalSection
EndGlobal
